// !$*UTF8*$!
{
	archiveVersion = 1;
	classes = {
	};
	objectVersion = 50;
	objects = {

/* Begin PBXBuildFile section */
		282AE8BB22D6B85700B4D942 /* Main.storyboard in Resources */ = {isa = PBXBuildFile; fileRef = 282AE8BA22D6B85700B4D942 /* Main.storyboard */; };
		28748A6722D6B6A1007575EA /* AppDelegate.swift in Sources */ = {isa = PBXBuildFile; fileRef = 28748A6622D6B6A1007575EA /* AppDelegate.swift */; };
		28748A6922D6B6A1007575EA /* ViewController.swift in Sources */ = {isa = PBXBuildFile; fileRef = 28748A6822D6B6A1007575EA /* ViewController.swift */; };
		28748A6E22D6B6AB007575EA /* Assets.xcassets in Resources */ = {isa = PBXBuildFile; fileRef = 28748A6D22D6B6AB007575EA /* Assets.xcassets */; };
		28748A7122D6B6AB007575EA /* LaunchScreen.storyboard in Resources */ = {isa = PBXBuildFile; fileRef = 28748A6F22D6B6AB007575EA /* LaunchScreen.storyboard */; };
		28E6A4CD22D6B9EE00662D98 /* GradientView.swift in Sources */ = {isa = PBXBuildFile; fileRef = 28E6A4CC22D6B9EE00662D98 /* GradientView.swift */; };
		28E6A4CF22D6BA9600662D98 /* Double+Ext.swift in Sources */ = {isa = PBXBuildFile; fileRef = 28E6A4CE22D6BA9600662D98 /* Double+Ext.swift */; };
/* End PBXBuildFile section */

/* Begin PBXFileReference section */
		282AE8BA22D6B85700B4D942 /* Main.storyboard */ = {isa = PBXFileReference; fileEncoding = 4; lastKnownFileType = file.storyboard; path = Main.storyboard; sourceTree = "<group>"; };
		28748A6322D6B6A1007575EA /* Altitudo.app */ = {isa = PBXFileReference; explicitFileType = wrapper.application; includeInIndex = 0; path = Altitudo.app; sourceTree = BUILT_PRODUCTS_DIR; };
		28748A6622D6B6A1007575EA /* AppDelegate.swift */ = {isa = PBXFileReference; lastKnownFileType = sourcecode.swift; path = AppDelegate.swift; sourceTree = "<group>"; };
		28748A6822D6B6A1007575EA /* ViewController.swift */ = {isa = PBXFileReference; lastKnownFileType = sourcecode.swift; path = ViewController.swift; sourceTree = "<group>"; };
		28748A6D22D6B6AB007575EA /* Assets.xcassets */ = {isa = PBXFileReference; lastKnownFileType = folder.assetcatalog; path = Assets.xcassets; sourceTree = "<group>"; };
		28748A7022D6B6AB007575EA /* Base */ = {isa = PBXFileReference; lastKnownFileType = file.storyboard; name = Base; path = Base.lproj/LaunchScreen.storyboard; sourceTree = "<group>"; };
		28748A7222D6B6AB007575EA /* Info.plist */ = {isa = PBXFileReference; lastKnownFileType = text.plist.xml; path = Info.plist; sourceTree = "<group>"; };
		28E6A4CC22D6B9EE00662D98 /* GradientView.swift */ = {isa = PBXFileReference; lastKnownFileType = sourcecode.swift; path = GradientView.swift; sourceTree = "<group>"; };
		28E6A4CE22D6BA9600662D98 /* Double+Ext.swift */ = {isa = PBXFileReference; lastKnownFileType = sourcecode.swift; path = "Double+Ext.swift"; sourceTree = "<group>"; };
/* End PBXFileReference section */

/* Begin PBXFrameworksBuildPhase section */
		28748A6022D6B6A1007575EA /* Frameworks */ = {
			isa = PBXFrameworksBuildPhase;
			buildActionMask = 2147483647;
			files = (
			);
			runOnlyForDeploymentPostprocessing = 0;
		};
/* End PBXFrameworksBuildPhase section */

/* Begin PBXGroup section */
		28748A5A22D6B6A0007575EA = {
			isa = PBXGroup;
			children = (
				28748A6522D6B6A1007575EA /* Altitudo */,
				28748A6422D6B6A1007575EA /* Products */,
			);
			sourceTree = "<group>";
		};
		28748A6422D6B6A1007575EA /* Products */ = {
			isa = PBXGroup;
			children = (
				28748A6322D6B6A1007575EA /* Altitudo.app */,
			);
			name = Products;
			sourceTree = "<group>";
		};
		28748A6522D6B6A1007575EA /* Altitudo */ = {
			isa = PBXGroup;
			children = (
				28748A6622D6B6A1007575EA /* AppDelegate.swift */,
				28748A6822D6B6A1007575EA /* ViewController.swift */,
				282AE8BA22D6B85700B4D942 /* Main.storyboard */,
				28748A6D22D6B6AB007575EA /* Assets.xcassets */,
				28748A6F22D6B6AB007575EA /* LaunchScreen.storyboard */,
				28748A7222D6B6AB007575EA /* Info.plist */,
				28E6A4CC22D6B9EE00662D98 /* GradientView.swift */,
				28E6A4CE22D6BA9600662D98 /* Double+Ext.swift */,
			);
			path = Altitudo;
			sourceTree = "<group>";
		};
/* End PBXGroup section */

/* Begin PBXNativeTarget section */
		28748A6222D6B6A1007575EA /* Altitudo */ = {
			isa = PBXNativeTarget;
			buildConfigurationList = 28748A7522D6B6AB007575EA /* Build configuration list for PBXNativeTarget "Altitudo" */;
			buildPhases = (
				28748A5F22D6B6A1007575EA /* Sources */,
				28748A6022D6B6A1007575EA /* Frameworks */,
				28748A6122D6B6A1007575EA /* Resources */,
			);
			buildRules = (
			);
			dependencies = (
			);
			name = Altitudo;
			productName = Altitudo;
			productReference = 28748A6322D6B6A1007575EA /* Altitudo.app */;
			productType = "com.apple.product-type.application";
		};
/* End PBXNativeTarget section */

/* Begin PBXProject section */
		28748A5B22D6B6A0007575EA /* Project object */ = {
			isa = PBXProject;
			attributes = {
				LastSwiftUpdateCheck = 1020;
				LastUpgradeCheck = 1020;
				ORGANIZATIONNAME = KAYCAM;
				TargetAttributes = {
					28748A6222D6B6A1007575EA = {
						CreatedOnToolsVersion = 10.2.1;
					};
				};
			};
			buildConfigurationList = 28748A5E22D6B6A0007575EA /* Build configuration list for PBXProject "Altitudo" */;
			compatibilityVersion = "Xcode 9.3";
			developmentRegion = en;
			hasScannedForEncodings = 0;
			knownRegions = (
				en,
				Base,
			);
			mainGroup = 28748A5A22D6B6A0007575EA;
			productRefGroup = 28748A6422D6B6A1007575EA /* Products */;
			projectDirPath = "";
			projectRoot = "";
			targets = (
				28748A6222D6B6A1007575EA /* Altitudo */,
			);
		};
/* End PBXProject section */

/* Begin PBXResourcesBuildPhase section */
		28748A6122D6B6A1007575EA /* Resources */ = {
			isa = PBXResourcesBuildPhase;
			buildActionMask = 2147483647;
			files = (
				28748A7122D6B6AB007575EA /* LaunchScreen.storyboard in Resources */,
				28748A6E22D6B6AB007575EA /* Assets.xcassets in Resources */,
				282AE8BB22D6B85700B4D942 /* Main.storyboard in Resources */,
			);
			runOnlyForDeploymentPostprocessing = 0;
		};
/* End PBXResourcesBuildPhase section */

/* Begin PBXSourcesBuildPhase section */
		28748A5F22D6B6A1007575EA /* Sources */ = {
			isa = PBXSourcesBuildPhase;
			buildActionMask = 2147483647;
			files = (
				28748A6922D6B6A1007575EA /* ViewController.swift in Sources */,
				28748A6722D6B6A1007575EA /* AppDelegate.swift in Sources */,
				28E6A4CF22D6BA9600662D98 /* Double+Ext.swift in Sources */,
				28E6A4CD22D6B9EE00662D98 /* GradientView.swift in Sources */,
			);
			runOnlyForDeploymentPostprocessing = 0;
		};
/* End PBXSourcesBuildPhase section */

/* Begin PBXVariantGroup section */
		28748A6F22D6B6AB007575EA /* LaunchScreen.storyboard */ = {
			isa = PBXVariantGroup;
			children = (
				28748A7022D6B6AB007575EA /* Base */,
			);
			name = LaunchScreen.storyboard;
			sourceTree = "<group>";
		};
/* End PBXVariantGroup section */

/* Begin XCBuildConfiguration section */
		28748A7322D6B6AB007575EA /* Debug */ = {
			isa = XCBuildConfiguration;
			buildSettings = {
				ALWAYS_SEARCH_USER_PATHS = NO;
				CLANG_ANALYZER_NONNULL = YES;
				CLANG_ANALYZER_NUMBER_OBJECT_CONVERSION = YES_AGGRESSIVE;
				CLANG_CXX_LANGUAGE_STANDARD = "gnu++14";
				CLANG_CXX_LIBRARY = "libc++";
				CLANG_ENABLE_MODULES = YES;
				CLANG_ENABLE_OBJC_ARC = YES;
				CLANG_ENABLE_OBJC_WEAK = YES;
				CLANG_WARN_BLOCK_CAPTURE_AUTORELEASING = YES;
				CLANG_WARN_BOOL_CONVERSION = YES;
				CLANG_WARN_COMMA = YES;
				CLANG_WARN_CONSTANT_CONVERSION = YES;
				CLANG_WARN_DEPRECATED_OBJC_IMPLEMENTATIONS = YES;
				CLANG_WARN_DIRECT_OBJC_ISA_USAGE = YES_ERROR;
				CLANG_WARN_DOCUMENTATION_COMMENTS = YES;
				CLANG_WARN_EMPTY_BODY = YES;
				CLANG_WARN_ENUM_CONVERSION = YES;
				CLANG_WARN_INFINITE_RECURSION = YES;
				CLANG_WARN_INT_CONVERSION = YES;
				CLANG_WARN_NON_LITERAL_NULL_CONVERSION = YES;
				CLANG_WARN_OBJC_IMPLICIT_RETAIN_SELF = YES;
				CLANG_WARN_OBJC_LITERAL_CONVERSION = YES;
				CLANG_WARN_OBJC_ROOT_CLASS = YES_ERROR;
				CLANG_WARN_RANGE_LOOP_ANALYSIS = YES;
				CLANG_WARN_STRICT_PROTOTYPES = YES;
				CLANG_WARN_SUSPICIOUS_MOVE = YES;
				CLANG_WARN_UNGUARDED_AVAILABILITY = YES_AGGRESSIVE;
				CLANG_WARN_UNREACHABLE_CODE = YES;
				CLANG_WARN__DUPLICATE_METHOD_MATCH = YES;
				CODE_SIGN_IDENTITY = "iPhone Developer";
				COPY_PHASE_STRIP = NO;
				DEBUG_INFORMATION_FORMAT = dwarf;
				ENABLE_STRICT_OBJC_MSGSEND = YES;
				ENABLE_TESTABILITY = YES;
				GCC_C_LANGUAGE_STANDARD = gnu11;
				GCC_DYNAMIC_NO_PIC = NO;
				GCC_NO_COMMON_BLOCKS = YES;
				GCC_OPTIMIZATION_LEVEL = 0;
				GCC_PREPROCESSOR_DEFINITIONS = (
					"DEBUG=1",
					"$(inherited)",
				);
				GCC_WARN_64_TO_32_BIT_CONVERSION = YES;
				GCC_WARN_ABOUT_RETURN_TYPE = YES_ERROR;
				GCC_WARN_UNDECLARED_SELECTOR = YES;
				GCC_WARN_UNINITIALIZED_AUTOS = YES_AGGRESSIVE;
				GCC_WARN_UNUSED_FUNCTION = YES;
				GCC_WARN_UNUSED_VARIABLE = YES;
				IPHONEOS_DEPLOYMENT_TARGET = 12.2;
				MTL_ENABLE_DEBUG_INFO = INCLUDE_SOURCE;
				MTL_FAST_MATH = YES;
				ONLY_ACTIVE_ARCH = YES;
				SDKROOT = iphoneos;
				SWIFT_ACTIVE_COMPILATION_CONDITIONS = DEBUG;
				SWIFT_OPTIMIZATION_LEVEL = "-Onone";
			};
			name = Debug;
		};
		28748A7422D6B6AB007575EA /* Release */ = {
			isa = XCBuildConfiguration;
			buildSettings = {
				ALWAYS_SEARCH_USER_PATHS = NO;
				CLANG_ANALYZER_NONNULL = YES;
				CLANG_ANALYZER_NUMBER_OBJECT_CONVERSION = YES_AGGRESSIVE;
				CLANG_CXX_LANGUAGE_STANDARD = "gnu++14";
				CLANG_CXX_LIBRARY = "libc++";
				CLANG_ENABLE_MODULES = YES;
				CLANG_ENABLE_OBJC_ARC = YES;
				CLANG_ENABLE_OBJC_WEAK = YES;
				CLANG_WARN_BLOCK_CAPTURE_AUTORELEASING = YES;
				CLANG_WARN_BOOL_CONVERSION = YES;
				CLANG_WARN_COMMA = YES;
				CLANG_WARN_CONSTANT_CONVERSION = YES;
				CLANG_WARN_DEPRECATED_OBJC_IMPLEMENTATIONS = YES;
				CLANG_WARN_DIRECT_OBJC_ISA_USAGE = YES_ERROR;
				CLANG_WARN_DOCUMENTATION_COMMENTS = YES;
				CLANG_WARN_EMPTY_BODY = YES;
				CLANG_WARN_ENUM_CONVERSION = YES;
				CLANG_WARN_INFINITE_RECURSION = YES;
				CLANG_WARN_INT_CONVERSION = YES;
				CLANG_WARN_NON_LITERAL_NULL_CONVERSION = YES;
				CLANG_WARN_OBJC_IMPLICIT_RETAIN_SELF = YES;
				CLANG_WARN_OBJC_LITERAL_CONVERSION = YES;
				CLANG_WARN_OBJC_ROOT_CLASS = YES_ERROR;
				CLANG_WARN_RANGE_LOOP_ANALYSIS = YES;
				CLANG_WARN_STRICT_PROTOTYPES = YES;
				CLANG_WARN_SUSPICIOUS_MOVE = YES;
				CLANG_WARN_UNGUARDED_AVAILABILITY = YES_AGGRESSIVE;
				CLANG_WARN_UNREACHABLE_CODE = YES;
				CLANG_WARN__DUPLICATE_METHOD_MATCH = YES;
				CODE_SIGN_IDENTITY = "iPhone Developer";
				COPY_PHASE_STRIP = NO;
				DEBUG_INFORMATION_FORMAT = "dwarf-with-dsym";
				ENABLE_NS_ASSERTIONS = NO;
				ENABLE_STRICT_OBJC_MSGSEND = YES;
				GCC_C_LANGUAGE_STANDARD = gnu11;
				GCC_NO_COMMON_BLOCKS = YES;
				GCC_WARN_64_TO_32_BIT_CONVERSION = YES;
				GCC_WARN_ABOUT_RETURN_TYPE = YES_ERROR;
				GCC_WARN_UNDECLARED_SELECTOR = YES;
				GCC_WARN_UNINITIALIZED_AUTOS = YES_AGGRESSIVE;
				GCC_WARN_UNUSED_FUNCTION = YES;
				GCC_WARN_UNUSED_VARIABLE = YES;
				IPHONEOS_DEPLOYMENT_TARGET = 12.2;
				MTL_ENABLE_DEBUG_INFO = NO;
				MTL_FAST_MATH = YES;
				SDKROOT = iphoneos;
				SWIFT_COMPILATION_MODE = wholemodule;
				SWIFT_OPTIMIZATION_LEVEL = "-O";
				VALIDATE_PRODUCT = YES;
			};
			name = Release;
		};
		28748A7622D6B6AB007575EA /* Debug */ = {
			isa = XCBuildConfiguration;
			buildSettings = {
				ASSETCATALOG_COMPILER_APPICON_NAME = AppIcon;
				CODE_SIGN_STYLE = Automatic;
				DEVELOPMENT_TEAM = EVFZH768BB;
				INFOPLIST_FILE = Altitudo/Info.plist;
				IPHONEOS_DEPLOYMENT_TARGET = 13.5;
				LD_RUNPATH_SEARCH_PATHS = (
					"$(inherited)",
					"@executable_path/Frameworks",
				);
				PRODUCT_BUNDLE_IDENTIFIER = com.KAYCAM.Altitudo;
				PRODUCT_NAME = "$(TARGET_NAME)";
				SWIFT_VERSION = 5.0;
				TARGETED_DEVICE_FAMILY = "1,2";
			};
			name = Debug;
		};
		28748A7722D6B6AB007575EA /* Release */ = {
			isa = XCBuildConfiguration;
			buildSettings = {
				ASSETCATALOG_COMPILER_APPICON_NAME = AppIcon;
				CODE_SIGN_STYLE = Automatic;
				DEVELOPMENT_TEAM = EVFZH768BB;
				INFOPLIST_FILE = Altitudo/Info.plist;
				IPHONEOS_DEPLOYMENT_TARGET = 13.5;
				LD_RUNPATH_SEARCH_PATHS = (
					"$(inherited)",
					"@executable_path/Frameworks",
				);
				PRODUCT_BUNDLE_IDENTIFIER = com.KAYCAM.Altitudo;
				PRODUCT_NAME = "$(TARGET_NAME)";
				SWIFT_VERSION = 5.0;
				TARGETED_DEVICE_FAMILY = "1,2";
			};
			name = Release;
		};
/* End XCBuildConfiguration section */

/* Begin XCConfigurationList section */
		28748A5E22D6B6A0007575EA /* Build configuration list for PBXProject "Altitudo" */ = {
			isa = XCConfigurationList;
			buildConfigurations = (
				28748A7322D6B6AB007575EA /* Debug */,
				28748A7422D6B6AB007575EA /* Release */,
			);
			defaultConfigurationIsVisible = 0;
			defaultConfigurationName = Release;
		};
		28748A7522D6B6AB007575EA /* Build configuration list for PBXNativeTarget "Altitudo" */ = {
			isa = XCConfigurationList;
			buildConfigurations = (
				28748A7622D6B6AB007575EA /* Debug */,
				28748A7722D6B6AB007575EA /* Release */,
			);
			defaultConfigurationIsVisible = 0;
			defaultConfigurationName = Release;
		};
/* End XCConfigurationList section */
	};
	rootObject = 28748A5B22D6B6A0007575EA /* Project object */;
}
